
Microsoft Visual Studio Solution File, Format Version 12.00
# Visual Studio Version 16
VisualStudioVersion = 16.0.31515.178
MinimumVisualStudioVersion = 10.0.40219.1
Project("{9A19103F-16F7-4668-BE54-9A1E7A4F7556}") = "Simpu", "Simpu\Simpu.csproj", "{CEADE744-C7B8-4E7F-8DDD-67D91C48EE8E}"
EndProject
Global
	GlobalSection(SolutionConfigurationPlatforms) = preSolution
		Debug|Any CPU = Debug|Any CPU
		Release|Any CPU = Release|Any CPU
	EndGlobalSection
	GlobalSection(ProjectConfigurationPlatforms) = postSolution
		{CEADE744-C7B8-4E7F-8DDD-67D91C48EE8E}.Debug|Any CPU.ActiveCfg = Debug|Any CPU
		{CEADE744-C7B8-4E7F-8DDD-67D91C48EE8E}.Debug|Any CPU.Build.0 = Debug|Any CPU
		{CEADE744-C7B8-4E7F-8DDD-67D91C48EE8E}.Release|Any CPU.ActiveCfg = Release|Any CPU
		{CEADE744-C7B8-4E7F-8DDD-67D91C48EE8E}.Release|Any CPU.Build.0 = Release|Any CPU
	EndGlobalSection
	GlobalSection(SolutionProperties) = preSolution
		HideSolutionNode = FALSE
	EndGlobalSection
	GlobalSection(ExtensibilityGlobals) = postSolution
		SolutionGuid = {29E7F44B-F8FF-428F-885A-D19B12517377}
	EndGlobalSection
EndGlobal
